// !$*UTF8*$!
{
	archiveVersion = 1;
	classes = {
	};
	objectVersion = 55;
	objects = {

/* Begin PBXBuildFile section */
		B585594D27CD7CBD000C3A35 /* AppDelegate.swift in Sources */ = {isa = PBXBuildFile; fileRef = B585594C27CD7CBD000C3A35 /* AppDelegate.swift */; };
		B585594F27CD7CBD000C3A35 /* SceneDelegate.swift in Sources */ = {isa = PBXBuildFile; fileRef = B585594E27CD7CBD000C3A35 /* SceneDelegate.swift */; };
		B585595427CD7CBD000C3A35 /* Main.storyboard in Resources */ = {isa = PBXBuildFile; fileRef = B585595227CD7CBD000C3A35 /* Main.storyboard */; };
		B585595627CD7CBE000C3A35 /* Assets.xcassets in Resources */ = {isa = PBXBuildFile; fileRef = B585595527CD7CBE000C3A35 /* Assets.xcassets */; };
		B585595927CD7CBE000C3A35 /* LaunchScreen.storyboard in Resources */ = {isa = PBXBuildFile; fileRef = B585595727CD7CBE000C3A35 /* LaunchScreen.storyboard */; };
		B585596927CD7F39000C3A35 /* TaskTableViewCell.swift in Sources */ = {isa = PBXBuildFile; fileRef = B585596827CD7F39000C3A35 /* TaskTableViewCell.swift */; };
		B585596B27CD7F66000C3A35 /* Task+Convenience.swift in Sources */ = {isa = PBXBuildFile; fileRef = B585596A27CD7F66000C3A35 /* Task+Convenience.swift */; };
		B585596D27CD7F76000C3A35 /* CoreDataStack.swift in Sources */ = {isa = PBXBuildFile; fileRef = B585596C27CD7F76000C3A35 /* CoreDataStack.swift */; };
		B585597027CD7F89000C3A35 /* Task_CoreData.xcdatamodeld in Sources */ = {isa = PBXBuildFile; fileRef = B585596E27CD7F89000C3A35 /* Task_CoreData.xcdatamodeld */; };
/* End PBXBuildFile section */

/* Begin PBXFileReference section */
		B585594927CD7CBD000C3A35 /* TaskApp.app */ = {isa = PBXFileReference; explicitFileType = wrapper.application; includeInIndex = 0; path = TaskApp.app; sourceTree = BUILT_PRODUCTS_DIR; };
		B585594C27CD7CBD000C3A35 /* AppDelegate.swift */ = {isa = PBXFileReference; lastKnownFileType = sourcecode.swift; path = AppDelegate.swift; sourceTree = "<group>"; };
		B585594E27CD7CBD000C3A35 /* SceneDelegate.swift */ = {isa = PBXFileReference; lastKnownFileType = sourcecode.swift; path = SceneDelegate.swift; sourceTree = "<group>"; };
		B585595327CD7CBD000C3A35 /* Base */ = {isa = PBXFileReference; lastKnownFileType = file.storyboard; name = Base; path = Base.lproj/Main.storyboard; sourceTree = "<group>"; };
		B585595527CD7CBE000C3A35 /* Assets.xcassets */ = {isa = PBXFileReference; lastKnownFileType = folder.assetcatalog; path = Assets.xcassets; sourceTree = "<group>"; };
		B585595827CD7CBE000C3A35 /* Base */ = {isa = PBXFileReference; lastKnownFileType = file.storyboard; name = Base; path = Base.lproj/LaunchScreen.storyboard; sourceTree = "<group>"; };
		B585595A27CD7CBE000C3A35 /* Info.plist */ = {isa = PBXFileReference; lastKnownFileType = text.plist.xml; path = Info.plist; sourceTree = "<group>"; };
		B585596827CD7F39000C3A35 /* TaskTableViewCell.swift */ = {isa = PBXFileReference; lastKnownFileType = sourcecode.swift; path = TaskTableViewCell.swift; sourceTree = "<group>"; };
		B585596A27CD7F66000C3A35 /* Task+Convenience.swift */ = {isa = PBXFileReference; lastKnownFileType = sourcecode.swift; path = "Task+Convenience.swift"; sourceTree = "<group>"; };
		B585596C27CD7F76000C3A35 /* CoreDataStack.swift */ = {isa = PBXFileReference; lastKnownFileType = sourcecode.swift; path = CoreDataStack.swift; sourceTree = "<group>"; };
		B585596F27CD7F89000C3A35 /* Task_CoreData.xcdatamodel */ = {isa = PBXFileReference; lastKnownFileType = wrapper.xcdatamodel; path = Task_CoreData.xcdatamodel; sourceTree = "<group>"; };
/* End PBXFileReference section */

/* Begin PBXFrameworksBuildPhase section */
		B585594627CD7CBD000C3A35 /* Frameworks */ = {
			isa = PBXFrameworksBuildPhase;
			buildActionMask = 2147483647;
			files = (
			);
			runOnlyForDeploymentPostprocessing = 0;
		};
/* End PBXFrameworksBuildPhase section */

/* Begin PBXGroup section */
		B585594027CD7CBD000C3A35 = {
			isa = PBXGroup;
			children = (
				B585594B27CD7CBD000C3A35 /* TaskApp */,
				B585594A27CD7CBD000C3A35 /* Products */,
			);
			sourceTree = "<group>";
		};
		B585594A27CD7CBD000C3A35 /* Products */ = {
			isa = PBXGroup;
			children = (
				B585594927CD7CBD000C3A35 /* TaskApp.app */,
			);
			name = Products;
			sourceTree = "<group>";
		};
		B585594B27CD7CBD000C3A35 /* TaskApp */ = {
			isa = PBXGroup;
			children = (
				B585596527CD7DB3000C3A35 /* Resources */,
				B585596427CD7D8A000C3A35 /* Model Controller */,
				B585596327CD7D83000C3A35 /* View Controllers */,
				B585596227CD7D80000C3A35 /* CoreData */,
				B585596027CD7D70000C3A35 /* Views */,
			);
			path = TaskApp;
			sourceTree = "<group>";
		};
		B585596027CD7D70000C3A35 /* Views */ = {
			isa = PBXGroup;
			children = (
				B585596727CD7DDC000C3A35 /* Storyboards */,
				B585596627CD7DD6000C3A35 /* Custom Cell */,
			);
			path = Views;
			sourceTree = "<group>";
		};
		B585596227CD7D80000C3A35 /* CoreData */ = {
			isa = PBXGroup;
			children = (
				B585596A27CD7F66000C3A35 /* Task+Convenience.swift */,
				B585596C27CD7F76000C3A35 /* CoreDataStack.swift */,
				B585596E27CD7F89000C3A35 /* Task_CoreData.xcdatamodeld */,
			);
			path = CoreData;
			sourceTree = "<group>";
		};
		B585596327CD7D83000C3A35 /* View Controllers */ = {
			isa = PBXGroup;
			children = (
			);
			path = "View Controllers";
			sourceTree = "<group>";
		};
		B585596427CD7D8A000C3A35 /* Model Controller */ = {
			isa = PBXGroup;
			children = (
			);
			path = "Model Controller";
			sourceTree = "<group>";
		};
		B585596527CD7DB3000C3A35 /* Resources */ = {
			isa = PBXGroup;
			children = (
				B585595527CD7CBE000C3A35 /* Assets.xcassets */,
				B585594E27CD7CBD000C3A35 /* SceneDelegate.swift */,
				B585594C27CD7CBD000C3A35 /* AppDelegate.swift */,
				B585595A27CD7CBE000C3A35 /* Info.plist */,
			);
			path = Resources;
			sourceTree = "<group>";
		};
		B585596627CD7DD6000C3A35 /* Custom Cell */ = {
			isa = PBXGroup;
			children = (
				B585596827CD7F39000C3A35 /* TaskTableViewCell.swift */,
			);
			path = "Custom Cell";
			sourceTree = "<group>";
		};
		B585596727CD7DDC000C3A35 /* Storyboards */ = {
			isa = PBXGroup;
			children = (
				B585595227CD7CBD000C3A35 /* Main.storyboard */,
				B585595727CD7CBE000C3A35 /* LaunchScreen.storyboard */,
			);
			path = Storyboards;
			sourceTree = "<group>";
		};
/* End PBXGroup section */

/* Begin PBXNativeTarget section */
		B585594827CD7CBD000C3A35 /* TaskApp */ = {
			isa = PBXNativeTarget;
			buildConfigurationList = B585595D27CD7CBE000C3A35 /* Build configuration list for PBXNativeTarget "TaskApp" */;
			buildPhases = (
				B585594527CD7CBD000C3A35 /* Sources */,
				B585594627CD7CBD000C3A35 /* Frameworks */,
				B585594727CD7CBD000C3A35 /* Resources */,
			);
			buildRules = (
			);
			dependencies = (
			);
			name = TaskApp;
			productName = TaskApp;
			productReference = B585594927CD7CBD000C3A35 /* TaskApp.app */;
			productType = "com.apple.product-type.application";
		};
/* End PBXNativeTarget section */

/* Begin PBXProject section */
		B585594127CD7CBD000C3A35 /* Project object */ = {
			isa = PBXProject;
			attributes = {
				BuildIndependentTargetsInParallel = 1;
				LastSwiftUpdateCheck = 1320;
				LastUpgradeCheck = 1320;
				TargetAttributes = {
					B585594827CD7CBD000C3A35 = {
						CreatedOnToolsVersion = 13.2.1;
					};
				};
			};
			buildConfigurationList = B585594427CD7CBD000C3A35 /* Build configuration list for PBXProject "TaskApp" */;
			compatibilityVersion = "Xcode 13.0";
			developmentRegion = en;
			hasScannedForEncodings = 0;
			knownRegions = (
				en,
				Base,
			);
			mainGroup = B585594027CD7CBD000C3A35;
			productRefGroup = B585594A27CD7CBD000C3A35 /* Products */;
			projectDirPath = "";
			projectRoot = "";
			targets = (
				B585594827CD7CBD000C3A35 /* TaskApp */,
			);
		};
/* End PBXProject section */

/* Begin PBXResourcesBuildPhase section */
		B585594727CD7CBD000C3A35 /* Resources */ = {
			isa = PBXResourcesBuildPhase;
			buildActionMask = 2147483647;
			files = (
				B585595927CD7CBE000C3A35 /* LaunchScreen.storyboard in Resources */,
				B585595627CD7CBE000C3A35 /* Assets.xcassets in Resources */,
				B585595427CD7CBD000C3A35 /* Main.storyboard in Resources */,
			);
			runOnlyForDeploymentPostprocessing = 0;
		};
/* End PBXResourcesBuildPhase section */

/* Begin PBXSourcesBuildPhase section */
		B585594527CD7CBD000C3A35 /* Sources */ = {
			isa = PBXSourcesBuildPhase;
			buildActionMask = 2147483647;
			files = (
				B585596D27CD7F76000C3A35 /* CoreDataStack.swift in Sources */,
				B585596B27CD7F66000C3A35 /* Task+Convenience.swift in Sources */,
				B585594D27CD7CBD000C3A35 /* AppDelegate.swift in Sources */,
				B585594F27CD7CBD000C3A35 /* SceneDelegate.swift in Sources */,
				B585596927CD7F39000C3A35 /* TaskTableViewCell.swift in Sources */,
				B585597027CD7F89000C3A35 /* Task_CoreData.xcdatamodeld in Sources */,
			);
			runOnlyForDeploymentPostprocessing = 0;
		};
/* End PBXSourcesBuildPhase section */

/* Begin PBXVariantGroup section */
		B585595227CD7CBD000C3A35 /* Main.storyboard */ = {
			isa = PBXVariantGroup;
			children = (
				B585595327CD7CBD000C3A35 /* Base */,
			);
			name = Main.storyboard;
			sourceTree = "<group>";
		};
		B585595727CD7CBE000C3A35 /* LaunchScreen.storyboard */ = {
			isa = PBXVariantGroup;
			children = (
				B585595827CD7CBE000C3A35 /* Base */,
			);
			name = LaunchScreen.storyboard;
			sourceTree = "<group>";
		};
/* End PBXVariantGroup section */

/* Begin XCBuildConfiguration section */
		B585595B27CD7CBE000C3A35 /* Debug */ = {
			isa = XCBuildConfiguration;
			buildSettings = {
				ALWAYS_SEARCH_USER_PATHS = NO;
				CLANG_ANALYZER_NONNULL = YES;
				CLANG_ANALYZER_NUMBER_OBJECT_CONVERSION = YES_AGGRESSIVE;
				CLANG_CXX_LANGUAGE_STANDARD = "gnu++17";
				CLANG_CXX_LIBRARY = "libc++";
				CLANG_ENABLE_MODULES = YES;
				CLANG_ENABLE_OBJC_ARC = YES;
				CLANG_ENABLE_OBJC_WEAK = YES;
				CLANG_WARN_BLOCK_CAPTURE_AUTORELEASING = YES;
				CLANG_WARN_BOOL_CONVERSION = YES;
				CLANG_WARN_COMMA = YES;
				CLANG_WARN_CONSTANT_CONVERSION = YES;
				CLANG_WARN_DEPRECATED_OBJC_IMPLEMENTATIONS = YES;
				CLANG_WARN_DIRECT_OBJC_ISA_USAGE = YES_ERROR;
				CLANG_WARN_DOCUMENTATION_COMMENTS = YES;
				CLANG_WARN_EMPTY_BODY = YES;
				CLANG_WARN_ENUM_CONVERSION = YES;
				CLANG_WARN_INFINITE_RECURSION = YES;
				CLANG_WARN_INT_CONVERSION = YES;
				CLANG_WARN_NON_LITERAL_NULL_CONVERSION = YES;
				CLANG_WARN_OBJC_IMPLICIT_RETAIN_SELF = YES;
				CLANG_WARN_OBJC_LITERAL_CONVERSION = YES;
				CLANG_WARN_OBJC_ROOT_CLASS = YES_ERROR;
				CLANG_WARN_QUOTED_INCLUDE_IN_FRAMEWORK_HEADER = YES;
				CLANG_WARN_RANGE_LOOP_ANALYSIS = YES;
				CLANG_WARN_STRICT_PROTOTYPES = YES;
				CLANG_WARN_SUSPICIOUS_MOVE = YES;
				CLANG_WARN_UNGUARDED_AVAILABILITY = YES_AGGRESSIVE;
				CLANG_WARN_UNREACHABLE_CODE = YES;
				CLANG_WARN__DUPLICATE_METHOD_MATCH = YES;
				COPY_PHASE_STRIP = NO;
				DEBUG_INFORMATION_FORMAT = dwarf;
				ENABLE_STRICT_OBJC_MSGSEND = YES;
				ENABLE_TESTABILITY = YES;
				GCC_C_LANGUAGE_STANDARD = gnu11;
				GCC_DYNAMIC_NO_PIC = NO;
				GCC_NO_COMMON_BLOCKS = YES;
				GCC_OPTIMIZATION_LEVEL = 0;
				GCC_PREPROCESSOR_DEFINITIONS = (
					"DEBUG=1",
					"$(inherited)",
				);
				GCC_WARN_64_TO_32_BIT_CONVERSION = YES;
				GCC_WARN_ABOUT_RETURN_TYPE = YES_ERROR;
				GCC_WARN_UNDECLARED_SELECTOR = YES;
				GCC_WARN_UNINITIALIZED_AUTOS = YES_AGGRESSIVE;
				GCC_WARN_UNUSED_FUNCTION = YES;
				GCC_WARN_UNUSED_VARIABLE = YES;
				IPHONEOS_DEPLOYMENT_TARGET = 15.2;
				MTL_ENABLE_DEBUG_INFO = INCLUDE_SOURCE;
				MTL_FAST_MATH = YES;
				ONLY_ACTIVE_ARCH = YES;
				SDKROOT = iphoneos;
				SWIFT_ACTIVE_COMPILATION_CONDITIONS = DEBUG;
				SWIFT_OPTIMIZATION_LEVEL = "-Onone";
			};
			name = Debug;
		};
		B585595C27CD7CBE000C3A35 /* Release */ = {
			isa = XCBuildConfiguration;
			buildSettings = {
				ALWAYS_SEARCH_USER_PATHS = NO;
				CLANG_ANALYZER_NONNULL = YES;
				CLANG_ANALYZER_NUMBER_OBJECT_CONVERSION = YES_AGGRESSIVE;
				CLANG_CXX_LANGUAGE_STANDARD = "gnu++17";
				CLANG_CXX_LIBRARY = "libc++";
				CLANG_ENABLE_MODULES = YES;
				CLANG_ENABLE_OBJC_ARC = YES;
				CLANG_ENABLE_OBJC_WEAK = YES;
				CLANG_WARN_BLOCK_CAPTURE_AUTORELEASING = YES;
				CLANG_WARN_BOOL_CONVERSION = YES;
				CLANG_WARN_COMMA = YES;
				CLANG_WARN_CONSTANT_CONVERSION = YES;
				CLANG_WARN_DEPRECATED_OBJC_IMPLEMENTATIONS = YES;
				CLANG_WARN_DIRECT_OBJC_ISA_USAGE = YES_ERROR;
				CLANG_WARN_DOCUMENTATION_COMMENTS = YES;
				CLANG_WARN_EMPTY_BODY = YES;
				CLANG_WARN_ENUM_CONVERSION = YES;
				CLANG_WARN_INFINITE_RECURSION = YES;
				CLANG_WARN_INT_CONVERSION = YES;
				CLANG_WARN_NON_LITERAL_NULL_CONVERSION = YES;
				CLANG_WARN_OBJC_IMPLICIT_RETAIN_SELF = YES;
				CLANG_WARN_OBJC_LITERAL_CONVERSION = YES;
				CLANG_WARN_OBJC_ROOT_CLASS = YES_ERROR;
				CLANG_WARN_QUOTED_INCLUDE_IN_FRAMEWORK_HEADER = YES;
				CLANG_WARN_RANGE_LOOP_ANALYSIS = YES;
				CLANG_WARN_STRICT_PROTOTYPES = YES;
				CLANG_WARN_SUSPICIOUS_MOVE = YES;
				CLANG_WARN_UNGUARDED_AVAILABILITY = YES_AGGRESSIVE;
				CLANG_WARN_UNREACHABLE_CODE = YES;
				CLANG_WARN__DUPLICATE_METHOD_MATCH = YES;
				COPY_PHASE_STRIP = NO;
				DEBUG_INFORMATION_FORMAT = "dwarf-with-dsym";
				ENABLE_NS_ASSERTIONS = NO;
				ENABLE_STRICT_OBJC_MSGSEND = YES;
				GCC_C_LANGUAGE_STANDARD = gnu11;
				GCC_NO_COMMON_BLOCKS = YES;
				GCC_WARN_64_TO_32_BIT_CONVERSION = YES;
				GCC_WARN_ABOUT_RETURN_TYPE = YES_ERROR;
				GCC_WARN_UNDECLARED_SELECTOR = YES;
				GCC_WARN_UNINITIALIZED_AUTOS = YES_AGGRESSIVE;
				GCC_WARN_UNUSED_FUNCTION = YES;
				GCC_WARN_UNUSED_VARIABLE = YES;
				IPHONEOS_DEPLOYMENT_TARGET = 15.2;
				MTL_ENABLE_DEBUG_INFO = NO;
				MTL_FAST_MATH = YES;
				SDKROOT = iphoneos;
				SWIFT_COMPILATION_MODE = wholemodule;
				SWIFT_OPTIMIZATION_LEVEL = "-O";
				VALIDATE_PRODUCT = YES;
			};
			name = Release;
		};
		B585595E27CD7CBE000C3A35 /* Debug */ = {
			isa = XCBuildConfiguration;
			buildSettings = {
				ASSETCATALOG_COMPILER_APPICON_NAME = AppIcon;
				ASSETCATALOG_COMPILER_GLOBAL_ACCENT_COLOR_NAME = AccentColor;
				CODE_SIGN_STYLE = Automatic;
				CURRENT_PROJECT_VERSION = 1;
				DEVELOPMENT_TEAM = FVZJ4Z5QQ2;
				GENERATE_INFOPLIST_FILE = YES;
				INFOPLIST_FILE = TaskApp/Resources/Info.plist;
				INFOPLIST_KEY_UIApplicationSupportsIndirectInputEvents = YES;
				INFOPLIST_KEY_UILaunchStoryboardName = LaunchScreen;
				INFOPLIST_KEY_UIMainStoryboardFile = Main;
				INFOPLIST_KEY_UISupportedInterfaceOrientations_iPad = "UIInterfaceOrientationPortrait UIInterfaceOrientationPortraitUpsideDown UIInterfaceOrientationLandscapeLeft UIInterfaceOrientationLandscapeRight";
				INFOPLIST_KEY_UISupportedInterfaceOrientations_iPhone = "UIInterfaceOrientationPortrait UIInterfaceOrientationLandscapeLeft UIInterfaceOrientationLandscapeRight";
				LD_RUNPATH_SEARCH_PATHS = (
					"$(inherited)",
					"@executable_path/Frameworks",
				);
				MARKETING_VERSION = 1.0;
				PRODUCT_BUNDLE_IDENTIFIER = "com-mehdi.TaskApp";
				PRODUCT_NAME = "$(TARGET_NAME)";
				SWIFT_EMIT_LOC_STRINGS = YES;
				SWIFT_VERSION = 5.0;
				TARGETED_DEVICE_FAMILY = "1,2";
			};
			name = Debug;
		};
		B585595F27CD7CBE000C3A35 /* Release */ = {
			isa = XCBuildConfiguration;
			buildSettings = {
				ASSETCATALOG_COMPILER_APPICON_NAME = AppIcon;
				ASSETCATALOG_COMPILER_GLOBAL_ACCENT_COLOR_NAME = AccentColor;
				CODE_SIGN_STYLE = Automatic;
				CURRENT_PROJECT_VERSION = 1;
				DEVELOPMENT_TEAM = FVZJ4Z5QQ2;
				GENERATE_INFOPLIST_FILE = YES;
				INFOPLIST_FILE = TaskApp/Resources/Info.plist;
				INFOPLIST_KEY_UIApplicationSupportsIndirectInputEvents = YES;
				INFOPLIST_KEY_UILaunchStoryboardName = LaunchScreen;
				INFOPLIST_KEY_UIMainStoryboardFile = Main;
				INFOPLIST_KEY_UISupportedInterfaceOrientations_iPad = "UIInterfaceOrientationPortrait UIInterfaceOrientationPortraitUpsideDown UIInterfaceOrientationLandscapeLeft UIInterfaceOrientationLandscapeRight";
				INFOPLIST_KEY_UISupportedInterfaceOrientations_iPhone = "UIInterfaceOrientationPortrait UIInterfaceOrientationLandscapeLeft UIInterfaceOrientationLandscapeRight";
				LD_RUNPATH_SEARCH_PATHS = (
					"$(inherited)",
					"@executable_path/Frameworks",
				);
				MARKETING_VERSION = 1.0;
				PRODUCT_BUNDLE_IDENTIFIER = "com-mehdi.TaskApp";
				PRODUCT_NAME = "$(TARGET_NAME)";
				SWIFT_EMIT_LOC_STRINGS = YES;
				SWIFT_VERSION = 5.0;
				TARGETED_DEVICE_FAMILY = "1,2";
			};
			name = Release;
		};
/* End XCBuildConfiguration section */

/* Begin XCConfigurationList section */
		B585594427CD7CBD000C3A35 /* Build configuration list for PBXProject "TaskApp" */ = {
			isa = XCConfigurationList;
			buildConfigurations = (
				B585595B27CD7CBE000C3A35 /* Debug */,
				B585595C27CD7CBE000C3A35 /* Release */,
			);
			defaultConfigurationIsVisible = 0;
			defaultConfigurationName = Release;
		};
		B585595D27CD7CBE000C3A35 /* Build configuration list for PBXNativeTarget "TaskApp" */ = {
			isa = XCConfigurationList;
			buildConfigurations = (
				B585595E27CD7CBE000C3A35 /* Debug */,
				B585595F27CD7CBE000C3A35 /* Release */,
			);
			defaultConfigurationIsVisible = 0;
			defaultConfigurationName = Release;
		};
/* End XCConfigurationList section */

/* Begin XCVersionGroup section */
		B585596E27CD7F89000C3A35 /* Task_CoreData.xcdatamodeld */ = {
			isa = XCVersionGroup;
			children = (
				B585596F27CD7F89000C3A35 /* Task_CoreData.xcdatamodel */,
			);
			currentVersion = B585596F27CD7F89000C3A35 /* Task_CoreData.xcdatamodel */;
			path = Task_CoreData.xcdatamodeld;
			sourceTree = "<group>";
			versionGroupType = wrapper.xcdatamodel;
		};
/* End XCVersionGroup section */
	};
	rootObject = B585594127CD7CBD000C3A35 /* Project object */;
}
